
Microsoft Visual Studio Solution File, Format Version 12.00
# Visual Studio 15
VisualStudioVersion = 15.0.27130.2036
MinimumVisualStudioVersion = 10.0.40219.1
Project("{FAE04EC0-301F-11D3-BF4B-00C04F79EFBC}") = "CRM", "CRM\CRM.csproj", "{21BF54AC-186A-4C26-8599-238BE6634E17}"
EndProject
Project("{FAE04EC0-301F-11D3-BF4B-00C04F79EFBC}") = "CRMData", "CRMData\CRMData.csproj", "{B28269B4-88BC-4330-8336-CC63F5312E89}"
EndProject
Global
	GlobalSection(SolutionConfigurationPlatforms) = preSolution
		Debug|Any CPU = Debug|Any CPU
		Dev1|Any CPU = Dev1|Any CPU
		Dev2|Any CPU = Dev2|Any CPU
		Dev3|Any CPU = Dev3|Any CPU
		Release|Any CPU = Release|Any CPU
	EndGlobalSection
	GlobalSection(ProjectConfigurationPlatforms) = postSolution
		{21BF54AC-186A-4C26-8599-238BE6634E17}.Debug|Any CPU.ActiveCfg = Debug|Any CPU
		{21BF54AC-186A-4C26-8599-238BE6634E17}.Debug|Any CPU.Build.0 = Debug|Any CPU
		{21BF54AC-186A-4C26-8599-238BE6634E17}.Dev1|Any CPU.ActiveCfg = Dev1|Any CPU
		{21BF54AC-186A-4C26-8599-238BE6634E17}.Dev1|Any CPU.Build.0 = Dev1|Any CPU
		{21BF54AC-186A-4C26-8599-238BE6634E17}.Dev2|Any CPU.ActiveCfg = Dev2|Any CPU
		{21BF54AC-186A-4C26-8599-238BE6634E17}.Dev2|Any CPU.Build.0 = Dev2|Any CPU
		{21BF54AC-186A-4C26-8599-238BE6634E17}.Dev3|Any CPU.ActiveCfg = Dev3|Any CPU
		{21BF54AC-186A-4C26-8599-238BE6634E17}.Dev3|Any CPU.Build.0 = Dev3|Any CPU
		{21BF54AC-186A-4C26-8599-238BE6634E17}.Release|Any CPU.ActiveCfg = Release|Any CPU
		{21BF54AC-186A-4C26-8599-238BE6634E17}.Release|Any CPU.Build.0 = Release|Any CPU
		{B28269B4-88BC-4330-8336-CC63F5312E89}.Debug|Any CPU.ActiveCfg = Debug|Any CPU
		{B28269B4-88BC-4330-8336-CC63F5312E89}.Debug|Any CPU.Build.0 = Debug|Any CPU
		{B28269B4-88BC-4330-8336-CC63F5312E89}.Dev1|Any CPU.ActiveCfg = Dev1|Any CPU
		{B28269B4-88BC-4330-8336-CC63F5312E89}.Dev1|Any CPU.Build.0 = Dev1|Any CPU
		{B28269B4-88BC-4330-8336-CC63F5312E89}.Dev2|Any CPU.ActiveCfg = Dev2|Any CPU
		{B28269B4-88BC-4330-8336-CC63F5312E89}.Dev2|Any CPU.Build.0 = Dev2|Any CPU
		{B28269B4-88BC-4330-8336-CC63F5312E89}.Dev3|Any CPU.ActiveCfg = Dev3|Any CPU
		{B28269B4-88BC-4330-8336-CC63F5312E89}.Dev3|Any CPU.Build.0 = Dev3|Any CPU
		{B28269B4-88BC-4330-8336-CC63F5312E89}.Release|Any CPU.ActiveCfg = Release|Any CPU
		{B28269B4-88BC-4330-8336-CC63F5312E89}.Release|Any CPU.Build.0 = Release|Any CPU
	EndGlobalSection
	GlobalSection(SolutionProperties) = preSolution
		HideSolutionNode = FALSE
	EndGlobalSection
	GlobalSection(ExtensibilityGlobals) = postSolution
		SolutionGuid = {34837CE2-DE63-4AEE-A2D5-789CC4AC9680}
	EndGlobalSection
EndGlobal
